
Microsoft Visual Studio Solution File, Format Version 10.00
# Visual Studio 2008
Project("{FAE04EC0-301F-11D3-BF4B-00C04F79EFBC}") = "TrinityBrick", "TrinityBrick\TrinityBrick.csproj", "{D3A888C5-D29C-4CD8-BDAC-F1D469F54E05}"
EndProject
Global
	GlobalSection(SolutionConfigurationPlatforms) = preSolution
		Debug|Any CPU = Debug|Any CPU
		Release|Any CPU = Release|Any CPU
	EndGlobalSection
	GlobalSection(ProjectConfigurationPlatforms) = postSolution
		{D3A888C5-D29C-4CD8-BDAC-F1D469F54E05}.Debug|Any CPU.ActiveCfg = Debug|Any CPU
		{D3A888C5-D29C-4CD8-BDAC-F1D469F54E05}.Debug|Any CPU.Build.0 = Debug|Any CPU
		{D3A888C5-D29C-4CD8-BDAC-F1D469F54E05}.Release|Any CPU.ActiveCfg = Release|Any CPU
		{D3A888C5-D29C-4CD8-BDAC-F1D469F54E05}.Release|Any CPU.Build.0 = Release|Any CPU
	EndGlobalSection
	GlobalSection(SolutionProperties) = preSolution
		HideSolutionNode = FALSE
	EndGlobalSection
EndGlobal
